
Microsoft Visual Studio Solution File, Format Version 12.00
Project("{FAE04EC0-301F-11D3-BF4B-00C04F79EFBC}") = "Radica.Web", "Radica.Web\Radica.Web.csproj", "{929F8F40-BF19-4A98-AD19-680C6C30EE2F}"
EndProject
Global
	GlobalSection(SolutionConfigurationPlatforms) = preSolution
		Debug|Any CPU = Debug|Any CPU
		Release|Any CPU = Release|Any CPU
	EndGlobalSection
	GlobalSection(ProjectConfigurationPlatforms) = postSolution
		{929F8F40-BF19-4A98-AD19-680C6C30EE2F}.Debug|Any CPU.ActiveCfg = Debug|Any CPU
		{929F8F40-BF19-4A98-AD19-680C6C30EE2F}.Debug|Any CPU.Build.0 = Debug|Any CPU
		{929F8F40-BF19-4A98-AD19-680C6C30EE2F}.Release|Any CPU.ActiveCfg = Release|Any CPU
		{929F8F40-BF19-4A98-AD19-680C6C30EE2F}.Release|Any CPU.Build.0 = Release|Any CPU
	EndGlobalSection
EndGlobal
